{
  "name": "@ganesh0230/medium",
  "version": "1.0.2",
  "lockfileVersion": 3,
  "requires": true,
  "packages": {
    "": {
      "name": "@ganesh0230/medium",
      "version": "1.0.2",
      "license": "ISC",
      "dependencies": {
        "@ganesh0230/medium": "^1.0.2",
        "zod": "^4.0.5"
      }
    },
    "node_modules/@ganesh0230/medium": {
      "version": "1.0.2",
      "resolved": "https://registry.npmjs.org/@ganesh0230/medium/-/medium-1.0.2.tgz",
      "integrity": "sha512-YQAa/amkvuOuyG/ri6IoloVlMom8p7dlzed/2LUJ8eetqEJpp2Cx6eTzW+ju7laNuxyNssoPC2U54X+BhvHX5g==",
      "license": "ISC"
    },
    "node_modules/zod": {
      "version": "4.0.5",
      "resolved": "https://registry.npmjs.org/zod/-/zod-4.0.5.tgz",
      "integrity": "sha512-/5UuuRPStvHXu7RS+gmvRf4NXrNxpSllGwDnCBcJZtQsKrviYXm54yDGV2KYNLT5kq0lHGcl7lqWJLgSaG+tgA==",
      "license": "MIT",
      "funding": {
        "url": "https://github.com/sponsors/colinhacks"
      }
    }
  }
}
